
Microsoft Visual Studio Solution File, Format Version 12.00
# Visual Studio Version 17
VisualStudioVersion = 17.5.002.0
MinimumVisualStudioVersion = 10.0.40219.1
Project("{2150E333-8FDC-42A3-9474-1A3956D46DE8}") = "server", "server", "{067F6D5E-9DDB-439D-BF91-178F305D799B}"
EndProject
Project("{9A19103F-16F7-4668-BE54-9A1E7A4F7556}") = "Turno", "server\Turno\Turno.csproj", "{F00DF893-3624-42E2-9595-CB3471BCB0CB}"
EndProject
Global
	GlobalSection(SolutionConfigurationPlatforms) = preSolution
		Debug|Any CPU = Debug|Any CPU
		Release|Any CPU = Release|Any CPU
	EndGlobalSection
	GlobalSection(ProjectConfigurationPlatforms) = postSolution
		{F00DF893-3624-42E2-9595-CB3471BCB0CB}.Debug|Any CPU.ActiveCfg = Debug|Any CPU
		{F00DF893-3624-42E2-9595-CB3471BCB0CB}.Debug|Any CPU.Build.0 = Debug|Any CPU
		{F00DF893-3624-42E2-9595-CB3471BCB0CB}.Release|Any CPU.ActiveCfg = Release|Any CPU
		{F00DF893-3624-42E2-9595-CB3471BCB0CB}.Release|Any CPU.Build.0 = Release|Any CPU
	EndGlobalSection
	GlobalSection(SolutionProperties) = preSolution
		HideSolutionNode = FALSE
	EndGlobalSection
	GlobalSection(NestedProjects) = preSolution
		{F00DF893-3624-42E2-9595-CB3471BCB0CB} = {067F6D5E-9DDB-439D-BF91-178F305D799B}
	EndGlobalSection
	GlobalSection(ExtensibilityGlobals) = postSolution
		SolutionGuid = {94DF3FD5-3907-468D-8B3E-16B7237C0BB3}
	EndGlobalSection
EndGlobal
